
Microsoft Visual Studio Solution File, Format Version 12.00
# Visual Studio Version 17
VisualStudioVersion = 17.14.37012.4 d17.14
MinimumVisualStudioVersion = 10.0.40219.1
Project("{FAE04EC0-301F-11D3-BF4B-00C04F79EFBC}") = "IDelivery", "IDelivery\IDelivery.csproj", "{4EB8E616-7A75-42C1-A384-D405EFEC672D}"
EndProject
Global
	GlobalSection(SolutionConfigurationPlatforms) = preSolution
		Debug|Any CPU = Debug|Any CPU
		Release|Any CPU = Release|Any CPU
	EndGlobalSection
	GlobalSection(ProjectConfigurationPlatforms) = postSolution
		{4EB8E616-7A75-42C1-A384-D405EFEC672D}.Debug|Any CPU.ActiveCfg = Debug|Any CPU
		{4EB8E616-7A75-42C1-A384-D405EFEC672D}.Debug|Any CPU.Build.0 = Debug|Any CPU
		{4EB8E616-7A75-42C1-A384-D405EFEC672D}.Release|Any CPU.ActiveCfg = Release|Any CPU
		{4EB8E616-7A75-42C1-A384-D405EFEC672D}.Release|Any CPU.Build.0 = Release|Any CPU
	EndGlobalSection
	GlobalSection(SolutionProperties) = preSolution
		HideSolutionNode = FALSE
	EndGlobalSection
	GlobalSection(ExtensibilityGlobals) = postSolution
		SolutionGuid = {E8BCA395-2D1C-47DD-9666-502307CF4693}
	EndGlobalSection
EndGlobal
